// !$*UTF8*$!
{
	archiveVersion = 1;
	classes = {
	};
	objectVersion = 55;
	objects = {

/* Begin PBXBuildFile section */
		C542C6FFB25E64FFF5713BBE /* Pods_Step_Counter.framework in Frameworks */ = {isa = PBXBuildFile; fileRef = D73F7578432B5F36442CBE71 /* Pods_Step_Counter.framework */; };
		DC6FD370271D597900FAA163 /* AppDelegate.swift in Sources */ = {isa = PBXBuildFile; fileRef = DC6FD36F271D597900FAA163 /* AppDelegate.swift */; };
		DC6FD372271D597900FAA163 /* SceneDelegate.swift in Sources */ = {isa = PBXBuildFile; fileRef = DC6FD371271D597900FAA163 /* SceneDelegate.swift */; };
		DC6FD374271D597900FAA163 /* ViewController.swift in Sources */ = {isa = PBXBuildFile; fileRef = DC6FD373271D597900FAA163 /* ViewController.swift */; };
		DC6FD377271D597900FAA163 /* Main.storyboard in Resources */ = {isa = PBXBuildFile; fileRef = DC6FD375271D597900FAA163 /* Main.storyboard */; };
		DC6FD379271D597C00FAA163 /* Assets.xcassets in Resources */ = {isa = PBXBuildFile; fileRef = DC6FD378271D597C00FAA163 /* Assets.xcassets */; };
		DC6FD37C271D597C00FAA163 /* LaunchScreen.storyboard in Resources */ = {isa = PBXBuildFile; fileRef = DC6FD37A271D597C00FAA163 /* LaunchScreen.storyboard */; };
		DC6FD384271D59E300FAA163 /* Model.swift in Sources */ = {isa = PBXBuildFile; fileRef = DC6FD383271D59E300FAA163 /* Model.swift */; };
		DC6FD387271D5FD400FAA163 /* CloudKit.framework in Frameworks */ = {isa = PBXBuildFile; fileRef = DC6FD386271D5FD400FAA163 /* CloudKit.framework */; };
/* End PBXBuildFile section */

/* Begin PBXFileReference section */
		432A195E39C6574A8FCCAB35 /* Pods-Step Counter.release.xcconfig */ = {isa = PBXFileReference; includeInIndex = 1; lastKnownFileType = text.xcconfig; name = "Pods-Step Counter.release.xcconfig"; path = "Target Support Files/Pods-Step Counter/Pods-Step Counter.release.xcconfig"; sourceTree = "<group>"; };
		B56898B9A8315A66DDBAF5E9 /* Pods-Step Counter.debug.xcconfig */ = {isa = PBXFileReference; includeInIndex = 1; lastKnownFileType = text.xcconfig; name = "Pods-Step Counter.debug.xcconfig"; path = "Target Support Files/Pods-Step Counter/Pods-Step Counter.debug.xcconfig"; sourceTree = "<group>"; };
		D73F7578432B5F36442CBE71 /* Pods_Step_Counter.framework */ = {isa = PBXFileReference; explicitFileType = wrapper.framework; includeInIndex = 0; path = Pods_Step_Counter.framework; sourceTree = BUILT_PRODUCTS_DIR; };
		DC6FD36C271D597900FAA163 /* Step Counter.app */ = {isa = PBXFileReference; explicitFileType = wrapper.application; includeInIndex = 0; path = "Step Counter.app"; sourceTree = BUILT_PRODUCTS_DIR; };
		DC6FD36F271D597900FAA163 /* AppDelegate.swift */ = {isa = PBXFileReference; lastKnownFileType = sourcecode.swift; path = AppDelegate.swift; sourceTree = "<group>"; };
		DC6FD371271D597900FAA163 /* SceneDelegate.swift */ = {isa = PBXFileReference; lastKnownFileType = sourcecode.swift; path = SceneDelegate.swift; sourceTree = "<group>"; };
		DC6FD373271D597900FAA163 /* ViewController.swift */ = {isa = PBXFileReference; lastKnownFileType = sourcecode.swift; path = ViewController.swift; sourceTree = "<group>"; };
		DC6FD376271D597900FAA163 /* Base */ = {isa = PBXFileReference; lastKnownFileType = file.storyboard; name = Base; path = Base.lproj/Main.storyboard; sourceTree = "<group>"; };
		DC6FD378271D597C00FAA163 /* Assets.xcassets */ = {isa = PBXFileReference; lastKnownFileType = folder.assetcatalog; path = Assets.xcassets; sourceTree = "<group>"; };
		DC6FD37B271D597C00FAA163 /* Base */ = {isa = PBXFileReference; lastKnownFileType = file.storyboard; name = Base; path = Base.lproj/LaunchScreen.storyboard; sourceTree = "<group>"; };
		DC6FD37D271D597C00FAA163 /* Info.plist */ = {isa = PBXFileReference; lastKnownFileType = text.plist.xml; path = Info.plist; sourceTree = "<group>"; };
		DC6FD383271D59E300FAA163 /* Model.swift */ = {isa = PBXFileReference; lastKnownFileType = sourcecode.swift; path = Model.swift; sourceTree = "<group>"; };
		DC6FD385271D5FD100FAA163 /* Step Counter.entitlements */ = {isa = PBXFileReference; lastKnownFileType = text.plist.entitlements; path = "Step Counter.entitlements"; sourceTree = "<group>"; };
		DC6FD386271D5FD400FAA163 /* CloudKit.framework */ = {isa = PBXFileReference; lastKnownFileType = wrapper.framework; name = CloudKit.framework; path = System/Library/Frameworks/CloudKit.framework; sourceTree = SDKROOT; };
/* End PBXFileReference section */

/* Begin PBXFrameworksBuildPhase section */
		DC6FD369271D597900FAA163 /* Frameworks */ = {
			isa = PBXFrameworksBuildPhase;
			buildActionMask = 2147483647;
			files = (
				C542C6FFB25E64FFF5713BBE /* Pods_Step_Counter.framework in Frameworks */,
				DC6FD387271D5FD400FAA163 /* CloudKit.framework in Frameworks */,
			);
			runOnlyForDeploymentPostprocessing = 0;
		};
/* End PBXFrameworksBuildPhase section */

/* Begin PBXGroup section */
		44C954C7EB0E67BB1381ABCE /* Pods */ = {
			isa = PBXGroup;
			children = (
				B56898B9A8315A66DDBAF5E9 /* Pods-Step Counter.debug.xcconfig */,
				432A195E39C6574A8FCCAB35 /* Pods-Step Counter.release.xcconfig */,
			);
			path = Pods;
			sourceTree = "<group>";
		};
		934A0DBC9D70F17BEDD537AE /* Frameworks */ = {
			isa = PBXGroup;
			children = (
				DC6FD386271D5FD400FAA163 /* CloudKit.framework */,
				D73F7578432B5F36442CBE71 /* Pods_Step_Counter.framework */,
			);
			name = Frameworks;
			sourceTree = "<group>";
		};
		DC6FD363271D597900FAA163 = {
			isa = PBXGroup;
			children = (
				DC6FD36E271D597900FAA163 /* Step Counter */,
				DC6FD36D271D597900FAA163 /* Products */,
				44C954C7EB0E67BB1381ABCE /* Pods */,
				934A0DBC9D70F17BEDD537AE /* Frameworks */,
			);
			sourceTree = "<group>";
		};
		DC6FD36D271D597900FAA163 /* Products */ = {
			isa = PBXGroup;
			children = (
				DC6FD36C271D597900FAA163 /* Step Counter.app */,
			);
			name = Products;
			sourceTree = "<group>";
		};
		DC6FD36E271D597900FAA163 /* Step Counter */ = {
			isa = PBXGroup;
			children = (
				DC6FD385271D5FD100FAA163 /* Step Counter.entitlements */,
				DC6FD36F271D597900FAA163 /* AppDelegate.swift */,
				DC6FD371271D597900FAA163 /* SceneDelegate.swift */,
				DC6FD373271D597900FAA163 /* ViewController.swift */,
				DC6FD375271D597900FAA163 /* Main.storyboard */,
				DC6FD383271D59E300FAA163 /* Model.swift */,
				DC6FD378271D597C00FAA163 /* Assets.xcassets */,
				DC6FD37A271D597C00FAA163 /* LaunchScreen.storyboard */,
				DC6FD37D271D597C00FAA163 /* Info.plist */,
			);
			path = "Step Counter";
			sourceTree = "<group>";
		};
/* End PBXGroup section */

/* Begin PBXNativeTarget section */
		DC6FD36B271D597900FAA163 /* Step Counter */ = {
			isa = PBXNativeTarget;
			buildConfigurationList = DC6FD380271D597C00FAA163 /* Build configuration list for PBXNativeTarget "Step Counter" */;
			buildPhases = (
				3B9112657A88E87B4E15C732 /* [CP] Check Pods Manifest.lock */,
				DC6FD368271D597900FAA163 /* Sources */,
				DC6FD369271D597900FAA163 /* Frameworks */,
				DC6FD36A271D597900FAA163 /* Resources */,
				8105E000758D71D15E20A3CD /* [CP] Embed Pods Frameworks */,
			);
			buildRules = (
			);
			dependencies = (
			);
			name = "Step Counter";
			productName = "Step Counter";
			productReference = DC6FD36C271D597900FAA163 /* Step Counter.app */;
			productType = "com.apple.product-type.application";
		};
/* End PBXNativeTarget section */

/* Begin PBXProject section */
		DC6FD364271D597900FAA163 /* Project object */ = {
			isa = PBXProject;
			attributes = {
				BuildIndependentTargetsInParallel = 1;
				LastSwiftUpdateCheck = 1300;
				LastUpgradeCheck = 1300;
				TargetAttributes = {
					DC6FD36B271D597900FAA163 = {
						CreatedOnToolsVersion = 13.0;
					};
				};
			};
			buildConfigurationList = DC6FD367271D597900FAA163 /* Build configuration list for PBXProject "Step Counter" */;
			compatibilityVersion = "Xcode 13.0";
			developmentRegion = en;
			hasScannedForEncodings = 0;
			knownRegions = (
				en,
				Base,
			);
			mainGroup = DC6FD363271D597900FAA163;
			productRefGroup = DC6FD36D271D597900FAA163 /* Products */;
			projectDirPath = "";
			projectRoot = "";
			targets = (
				DC6FD36B271D597900FAA163 /* Step Counter */,
			);
		};
/* End PBXProject section */

/* Begin PBXResourcesBuildPhase section */
		DC6FD36A271D597900FAA163 /* Resources */ = {
			isa = PBXResourcesBuildPhase;
			buildActionMask = 2147483647;
			files = (
				DC6FD37C271D597C00FAA163 /* LaunchScreen.storyboard in Resources */,
				DC6FD379271D597C00FAA163 /* Assets.xcassets in Resources */,
				DC6FD377271D597900FAA163 /* Main.storyboard in Resources */,
			);
			runOnlyForDeploymentPostprocessing = 0;
		};
/* End PBXResourcesBuildPhase section */

/* Begin PBXShellScriptBuildPhase section */
		3B9112657A88E87B4E15C732 /* [CP] Check Pods Manifest.lock */ = {
			isa = PBXShellScriptBuildPhase;
			buildActionMask = 2147483647;
			files = (
			);
			inputFileListPaths = (
			);
			inputPaths = (
				"${PODS_PODFILE_DIR_PATH}/Podfile.lock",
				"${PODS_ROOT}/Manifest.lock",
			);
			name = "[CP] Check Pods Manifest.lock";
			outputFileListPaths = (
			);
			outputPaths = (
				"$(DERIVED_FILE_DIR)/Pods-Step Counter-checkManifestLockResult.txt",
			);
			runOnlyForDeploymentPostprocessing = 0;
			shellPath = /bin/sh;
			shellScript = "diff \"${PODS_PODFILE_DIR_PATH}/Podfile.lock\" \"${PODS_ROOT}/Manifest.lock\" > /dev/null\nif [ $? != 0 ] ; then\n    # print error to STDERR\n    echo \"error: The sandbox is not in sync with the Podfile.lock. Run 'pod install' or update your CocoaPods installation.\" >&2\n    exit 1\nfi\n# This output is used by Xcode 'outputs' to avoid re-running this script phase.\necho \"SUCCESS\" > \"${SCRIPT_OUTPUT_FILE_0}\"\n";
			showEnvVarsInLog = 0;
		};
		8105E000758D71D15E20A3CD /* [CP] Embed Pods Frameworks */ = {
			isa = PBXShellScriptBuildPhase;
			buildActionMask = 2147483647;
			files = (
			);
			inputFileListPaths = (
				"${PODS_ROOT}/Target Support Files/Pods-Step Counter/Pods-Step Counter-frameworks-${CONFIGURATION}-input-files.xcfilelist",
			);
			name = "[CP] Embed Pods Frameworks";
			outputFileListPaths = (
				"${PODS_ROOT}/Target Support Files/Pods-Step Counter/Pods-Step Counter-frameworks-${CONFIGURATION}-output-files.xcfilelist",
			);
			runOnlyForDeploymentPostprocessing = 0;
			shellPath = /bin/sh;
			shellScript = "\"${PODS_ROOT}/Target Support Files/Pods-Step Counter/Pods-Step Counter-frameworks.sh\"\n";
			showEnvVarsInLog = 0;
		};
/* End PBXShellScriptBuildPhase section */

/* Begin PBXSourcesBuildPhase section */
		DC6FD368271D597900FAA163 /* Sources */ = {
			isa = PBXSourcesBuildPhase;
			buildActionMask = 2147483647;
			files = (
				DC6FD374271D597900FAA163 /* ViewController.swift in Sources */,
				DC6FD370271D597900FAA163 /* AppDelegate.swift in Sources */,
				DC6FD372271D597900FAA163 /* SceneDelegate.swift in Sources */,
				DC6FD384271D59E300FAA163 /* Model.swift in Sources */,
			);
			runOnlyForDeploymentPostprocessing = 0;
		};
/* End PBXSourcesBuildPhase section */

/* Begin PBXVariantGroup section */
		DC6FD375271D597900FAA163 /* Main.storyboard */ = {
			isa = PBXVariantGroup;
			children = (
				DC6FD376271D597900FAA163 /* Base */,
			);
			name = Main.storyboard;
			sourceTree = "<group>";
		};
		DC6FD37A271D597C00FAA163 /* LaunchScreen.storyboard */ = {
			isa = PBXVariantGroup;
			children = (
				DC6FD37B271D597C00FAA163 /* Base */,
			);
			name = LaunchScreen.storyboard;
			sourceTree = "<group>";
		};
/* End PBXVariantGroup section */

/* Begin XCBuildConfiguration section */
		DC6FD37E271D597C00FAA163 /* Debug */ = {
			isa = XCBuildConfiguration;
			buildSettings = {
				ALWAYS_SEARCH_USER_PATHS = NO;
				CLANG_ANALYZER_NONNULL = YES;
				CLANG_ANALYZER_NUMBER_OBJECT_CONVERSION = YES_AGGRESSIVE;
				CLANG_CXX_LANGUAGE_STANDARD = "gnu++17";
				CLANG_CXX_LIBRARY = "libc++";
				CLANG_ENABLE_MODULES = YES;
				CLANG_ENABLE_OBJC_ARC = YES;
				CLANG_ENABLE_OBJC_WEAK = YES;
				CLANG_WARN_BLOCK_CAPTURE_AUTORELEASING = YES;
				CLANG_WARN_BOOL_CONVERSION = YES;
				CLANG_WARN_COMMA = YES;
				CLANG_WARN_CONSTANT_CONVERSION = YES;
				CLANG_WARN_DEPRECATED_OBJC_IMPLEMENTATIONS = YES;
				CLANG_WARN_DIRECT_OBJC_ISA_USAGE = YES_ERROR;
				CLANG_WARN_DOCUMENTATION_COMMENTS = YES;
				CLANG_WARN_EMPTY_BODY = YES;
				CLANG_WARN_ENUM_CONVERSION = YES;
				CLANG_WARN_INFINITE_RECURSION = YES;
				CLANG_WARN_INT_CONVERSION = YES;
				CLANG_WARN_NON_LITERAL_NULL_CONVERSION = YES;
				CLANG_WARN_OBJC_IMPLICIT_RETAIN_SELF = YES;
				CLANG_WARN_OBJC_LITERAL_CONVERSION = YES;
				CLANG_WARN_OBJC_ROOT_CLASS = YES_ERROR;
				CLANG_WARN_QUOTED_INCLUDE_IN_FRAMEWORK_HEADER = YES;
				CLANG_WARN_RANGE_LOOP_ANALYSIS = YES;
				CLANG_WARN_STRICT_PROTOTYPES = YES;
				CLANG_WARN_SUSPICIOUS_MOVE = YES;
				CLANG_WARN_UNGUARDED_AVAILABILITY = YES_AGGRESSIVE;
				CLANG_WARN_UNREACHABLE_CODE = YES;
				CLANG_WARN__DUPLICATE_METHOD_MATCH = YES;
				COPY_PHASE_STRIP = NO;
				DEBUG_INFORMATION_FORMAT = dwarf;
				ENABLE_STRICT_OBJC_MSGSEND = YES;
				ENABLE_TESTABILITY = YES;
				GCC_C_LANGUAGE_STANDARD = gnu11;
				GCC_DYNAMIC_NO_PIC = NO;
				GCC_NO_COMMON_BLOCKS = YES;
				GCC_OPTIMIZATION_LEVEL = 0;
				GCC_PREPROCESSOR_DEFINITIONS = (
					"DEBUG=1",
					"$(inherited)",
				);
				GCC_WARN_64_TO_32_BIT_CONVERSION = YES;
				GCC_WARN_ABOUT_RETURN_TYPE = YES_ERROR;
				GCC_WARN_UNDECLARED_SELECTOR = YES;
				GCC_WARN_UNINITIALIZED_AUTOS = YES_AGGRESSIVE;
				GCC_WARN_UNUSED_FUNCTION = YES;
				GCC_WARN_UNUSED_VARIABLE = YES;
				IPHONEOS_DEPLOYMENT_TARGET = 14.0;
				MTL_ENABLE_DEBUG_INFO = INCLUDE_SOURCE;
				MTL_FAST_MATH = YES;
				ONLY_ACTIVE_ARCH = YES;
				SDKROOT = iphoneos;
				SWIFT_ACTIVE_COMPILATION_CONDITIONS = DEBUG;
				SWIFT_OPTIMIZATION_LEVEL = "-Onone";
			};
			name = Debug;
		};
		DC6FD37F271D597C00FAA163 /* Release */ = {
			isa = XCBuildConfiguration;
			buildSettings = {
				ALWAYS_SEARCH_USER_PATHS = NO;
				CLANG_ANALYZER_NONNULL = YES;
				CLANG_ANALYZER_NUMBER_OBJECT_CONVERSION = YES_AGGRESSIVE;
				CLANG_CXX_LANGUAGE_STANDARD = "gnu++17";
				CLANG_CXX_LIBRARY = "libc++";
				CLANG_ENABLE_MODULES = YES;
				CLANG_ENABLE_OBJC_ARC = YES;
				CLANG_ENABLE_OBJC_WEAK = YES;
				CLANG_WARN_BLOCK_CAPTURE_AUTORELEASING = YES;
				CLANG_WARN_BOOL_CONVERSION = YES;
				CLANG_WARN_COMMA = YES;
				CLANG_WARN_CONSTANT_CONVERSION = YES;
				CLANG_WARN_DEPRECATED_OBJC_IMPLEMENTATIONS = YES;
				CLANG_WARN_DIRECT_OBJC_ISA_USAGE = YES_ERROR;
				CLANG_WARN_DOCUMENTATION_COMMENTS = YES;
				CLANG_WARN_EMPTY_BODY = YES;
				CLANG_WARN_ENUM_CONVERSION = YES;
				CLANG_WARN_INFINITE_RECURSION = YES;
				CLANG_WARN_INT_CONVERSION = YES;
				CLANG_WARN_NON_LITERAL_NULL_CONVERSION = YES;
				CLANG_WARN_OBJC_IMPLICIT_RETAIN_SELF = YES;
				CLANG_WARN_OBJC_LITERAL_CONVERSION = YES;
				CLANG_WARN_OBJC_ROOT_CLASS = YES_ERROR;
				CLANG_WARN_QUOTED_INCLUDE_IN_FRAMEWORK_HEADER = YES;
				CLANG_WARN_RANGE_LOOP_ANALYSIS = YES;
				CLANG_WARN_STRICT_PROTOTYPES = YES;
				CLANG_WARN_SUSPICIOUS_MOVE = YES;
				CLANG_WARN_UNGUARDED_AVAILABILITY = YES_AGGRESSIVE;
				CLANG_WARN_UNREACHABLE_CODE = YES;
				CLANG_WARN__DUPLICATE_METHOD_MATCH = YES;
				COPY_PHASE_STRIP = NO;
				DEBUG_INFORMATION_FORMAT = "dwarf-with-dsym";
				ENABLE_NS_ASSERTIONS = NO;
				ENABLE_STRICT_OBJC_MSGSEND = YES;
				GCC_C_LANGUAGE_STANDARD = gnu11;
				GCC_NO_COMMON_BLOCKS = YES;
				GCC_WARN_64_TO_32_BIT_CONVERSION = YES;
				GCC_WARN_ABOUT_RETURN_TYPE = YES_ERROR;
				GCC_WARN_UNDECLARED_SELECTOR = YES;
				GCC_WARN_UNINITIALIZED_AUTOS = YES_AGGRESSIVE;
				GCC_WARN_UNUSED_FUNCTION = YES;
				GCC_WARN_UNUSED_VARIABLE = YES;
				IPHONEOS_DEPLOYMENT_TARGET = 14.0;
				MTL_ENABLE_DEBUG_INFO = NO;
				MTL_FAST_MATH = YES;
				SDKROOT = iphoneos;
				SWIFT_COMPILATION_MODE = wholemodule;
				SWIFT_OPTIMIZATION_LEVEL = "-O";
				VALIDATE_PRODUCT = YES;
			};
			name = Release;
		};
		DC6FD381271D597C00FAA163 /* Debug */ = {
			isa = XCBuildConfiguration;
			baseConfigurationReference = B56898B9A8315A66DDBAF5E9 /* Pods-Step Counter.debug.xcconfig */;
			buildSettings = {
				ASSETCATALOG_COMPILER_APPICON_NAME = AppIcon;
				ASSETCATALOG_COMPILER_GLOBAL_ACCENT_COLOR_NAME = AccentColor;
				CODE_SIGN_ENTITLEMENTS = "Step Counter/Step Counter.entitlements";
				CODE_SIGN_STYLE = Automatic;
				CURRENT_PROJECT_VERSION = 1;
				DEVELOPMENT_TEAM = 96NM39SGJ5;
				GENERATE_INFOPLIST_FILE = YES;
				INFOPLIST_FILE = "Step Counter/Info.plist";
				INFOPLIST_KEY_UIApplicationSupportsIndirectInputEvents = YES;
				INFOPLIST_KEY_UILaunchStoryboardName = LaunchScreen;
				INFOPLIST_KEY_UIMainStoryboardFile = Main;
				INFOPLIST_KEY_UISupportedInterfaceOrientations_iPad = "UIInterfaceOrientationPortrait UIInterfaceOrientationPortraitUpsideDown UIInterfaceOrientationLandscapeLeft UIInterfaceOrientationLandscapeRight";
				INFOPLIST_KEY_UISupportedInterfaceOrientations_iPhone = "UIInterfaceOrientationPortrait UIInterfaceOrientationLandscapeLeft UIInterfaceOrientationLandscapeRight";
				LD_RUNPATH_SEARCH_PATHS = (
					"$(inherited)",
					"@executable_path/Frameworks",
				);
				MARKETING_VERSION = 1.0;
				PRODUCT_BUNDLE_IDENTIFIER = "com.parussoft.Step-Counter";
				PRODUCT_NAME = "$(TARGET_NAME)";
				SWIFT_EMIT_LOC_STRINGS = YES;
				SWIFT_VERSION = 5.0;
				TARGETED_DEVICE_FAMILY = "1,2";
			};
			name = Debug;
		};
		DC6FD382271D597C00FAA163 /* Release */ = {
			isa = XCBuildConfiguration;
			baseConfigurationReference = 432A195E39C6574A8FCCAB35 /* Pods-Step Counter.release.xcconfig */;
			buildSettings = {
				ASSETCATALOG_COMPILER_APPICON_NAME = AppIcon;
				ASSETCATALOG_COMPILER_GLOBAL_ACCENT_COLOR_NAME = AccentColor;
				CODE_SIGN_ENTITLEMENTS = "Step Counter/Step Counter.entitlements";
				CODE_SIGN_STYLE = Automatic;
				CURRENT_PROJECT_VERSION = 1;
				DEVELOPMENT_TEAM = 96NM39SGJ5;
				GENERATE_INFOPLIST_FILE = YES;
				INFOPLIST_FILE = "Step Counter/Info.plist";
				INFOPLIST_KEY_UIApplicationSupportsIndirectInputEvents = YES;
				INFOPLIST_KEY_UILaunchStoryboardName = LaunchScreen;
				INFOPLIST_KEY_UIMainStoryboardFile = Main;
				INFOPLIST_KEY_UISupportedInterfaceOrientations_iPad = "UIInterfaceOrientationPortrait UIInterfaceOrientationPortraitUpsideDown UIInterfaceOrientationLandscapeLeft UIInterfaceOrientationLandscapeRight";
				INFOPLIST_KEY_UISupportedInterfaceOrientations_iPhone = "UIInterfaceOrientationPortrait UIInterfaceOrientationLandscapeLeft UIInterfaceOrientationLandscapeRight";
				LD_RUNPATH_SEARCH_PATHS = (
					"$(inherited)",
					"@executable_path/Frameworks",
				);
				MARKETING_VERSION = 1.0;
				PRODUCT_BUNDLE_IDENTIFIER = "com.parussoft.Step-Counter";
				PRODUCT_NAME = "$(TARGET_NAME)";
				SWIFT_EMIT_LOC_STRINGS = YES;
				SWIFT_VERSION = 5.0;
				TARGETED_DEVICE_FAMILY = "1,2";
			};
			name = Release;
		};
/* End XCBuildConfiguration section */

/* Begin XCConfigurationList section */
		DC6FD367271D597900FAA163 /* Build configuration list for PBXProject "Step Counter" */ = {
			isa = XCConfigurationList;
			buildConfigurations = (
				DC6FD37E271D597C00FAA163 /* Debug */,
				DC6FD37F271D597C00FAA163 /* Release */,
			);
			defaultConfigurationIsVisible = 0;
			defaultConfigurationName = Release;
		};
		DC6FD380271D597C00FAA163 /* Build configuration list for PBXNativeTarget "Step Counter" */ = {
			isa = XCConfigurationList;
			buildConfigurations = (
				DC6FD381271D597C00FAA163 /* Debug */,
				DC6FD382271D597C00FAA163 /* Release */,
			);
			defaultConfigurationIsVisible = 0;
			defaultConfigurationName = Release;
		};
/* End XCConfigurationList section */
	};
	rootObject = DC6FD364271D597900FAA163 /* Project object */;
}
